
Microsoft Visual Studio Solution File, Format Version 12.00
# Visual Studio Version 16
VisualStudioVersion = 16.0.30611.23
MinimumVisualStudioVersion = 10.0.40219.1
Project("{FAE04EC0-301F-11D3-BF4B-00C04F79EFBC}") = "Digital.curso.api", "Digital.curso.api\Digital.curso.api.csproj", "{13DFB224-BA55-48CF-A518-5D75BE3B08FE}"
EndProject
Global
	GlobalSection(SolutionConfigurationPlatforms) = preSolution
		Debug|Any CPU = Debug|Any CPU
		Release|Any CPU = Release|Any CPU
	EndGlobalSection
	GlobalSection(ProjectConfigurationPlatforms) = postSolution
		{13DFB224-BA55-48CF-A518-5D75BE3B08FE}.Debug|Any CPU.ActiveCfg = Debug|Any CPU
		{13DFB224-BA55-48CF-A518-5D75BE3B08FE}.Debug|Any CPU.Build.0 = Debug|Any CPU
		{13DFB224-BA55-48CF-A518-5D75BE3B08FE}.Release|Any CPU.ActiveCfg = Release|Any CPU
		{13DFB224-BA55-48CF-A518-5D75BE3B08FE}.Release|Any CPU.Build.0 = Release|Any CPU
	EndGlobalSection
	GlobalSection(SolutionProperties) = preSolution
		HideSolutionNode = FALSE
	EndGlobalSection
	GlobalSection(ExtensibilityGlobals) = postSolution
		SolutionGuid = {381978CA-2B1C-4B2B-AC7B-36832EC282A6}
	EndGlobalSection
EndGlobal
